<Solution>
  <Configurations>
    <Platform Name="Any CPU" />
    <Platform Name="x64" />
  </Configurations>
  <Project Path="C:/Program Files/BraveSoftware/Brave-Browser/Application/chrome_proxy.exe">
    <BuildType Project="Release" />
    <Platform Project="x64" />
    <Properties Name="DebuggerProjectSystem">
      <Property Name="AttachLaunchAction" Value="No" />
      <Property Name="Environment" Value="Default" />
      <Property Name="Executable" Value="C:\Program Files\BraveSoftware\Brave-Browser\Application\chrome_proxy.exe" />
      <Property Name="IORedirection" Value="Auto" />
      <Property Name="LaunchingEngine" Value="00000000-0000-0000-0000-000000000000" />
      <Property Name="LaunchSQLEngine" Value="No" />
      <Property Name="PortSupplier" Value="00000000-0000-0000-0000-000000000000" />
      <Property Name="RemoteMachine" Value="YOUSEF" />
      <Property Name="StartingDirectory" Value="C:\Program Files\BraveSoftware\Brave-Browser\Application" />
      <Property Name="UseLegacyDebugEngines" Value="No" />
    </Properties>
  </Project>
  <Project Path="SafeTrace.Application/SafeTrace.Application.csproj" />
  <Project Path="SafeTrace.Domain/SafeTrace.Domain.csproj" />
  <Project Path="SafeTrace.Infrastructure/SafeTrace.Infrastructure.csproj" />
  <Project Path="SafeTrace/SafeTrace.API.csproj" />
</Solution>
